
Microsoft Visual Studio Solution File, Format Version 12.00
# Visual Studio Version 17
VisualStudioVersion = 17.14.36109.1 d17.14
MinimumVisualStudioVersion = 10.0.40219.1
Project("{FAE04EC0-301F-11D3-BF4B-00C04F79EFBC}") = "APlainProject", "APlainProject.csproj", "{ECD2CCD4-39AA-4B8C-8A9D-DC532535DF04}"
EndProject
Global
	GlobalSection(SolutionConfigurationPlatforms) = preSolution
		Debug|Any CPU = Debug|Any CPU
		Release|Any CPU = Release|Any CPU
	EndGlobalSection
	GlobalSection(ProjectConfigurationPlatforms) = postSolution
		{ECD2CCD4-39AA-4B8C-8A9D-DC532535DF04}.Debug|Any CPU.ActiveCfg = Debug|Any CPU
		{ECD2CCD4-39AA-4B8C-8A9D-DC532535DF04}.Debug|Any CPU.Build.0 = Debug|Any CPU
		{ECD2CCD4-39AA-4B8C-8A9D-DC532535DF04}.Release|Any CPU.ActiveCfg = Release|Any CPU
		{ECD2CCD4-39AA-4B8C-8A9D-DC532535DF04}.Release|Any CPU.Build.0 = Release|Any CPU
	EndGlobalSection
	GlobalSection(SolutionProperties) = preSolution
		HideSolutionNode = FALSE
	EndGlobalSection
	GlobalSection(ExtensibilityGlobals) = postSolution
		SolutionGuid = {2379AE2C-B998-4C6B-BC9C-A4020F44BADE}
	EndGlobalSection
EndGlobal
